// !$*UTF8*$!
{
	archiveVersion = 1;
	classes = {
	};
	objectVersion = 56;
	objects = {

/* Begin PBXBuildFile section */
		6A240EF329AF2D07001CA166 /* FeedCacheTestHelpers.swift in Sources */ = {isa = PBXBuildFile; fileRef = 6A4CD77029A74BB00034ABAF /* FeedCacheTestHelpers.swift */; };
		6A240EF429AF2D27001CA166 /* SharedTestHelpers.swift in Sources */ = {isa = PBXBuildFile; fileRef = 6A4CD77229A74D6F0034ABAF /* SharedTestHelpers.swift */; };
		6A277D6D2A440F480013AF63 /* FeedViewControllerTests+Localization.swift in Sources */ = {isa = PBXBuildFile; fileRef = 6A277D6C2A440F480013AF63 /* FeedViewControllerTests+Localization.swift */; };
		6A277D6E2A4410640013AF63 /* Feed.strings in Resources */ = {isa = PBXBuildFile; fileRef = 6A277D702A4410640013AF63 /* Feed.strings */; };
		6A277D752A4412550013AF63 /* FeedLocalizationTests.swift in Sources */ = {isa = PBXBuildFile; fileRef = 6A277D742A4412550013AF63 /* FeedLocalizationTests.swift */; };
		6A2CCB2029A0D81800B3A935 /* RemoteFeedItem.swift in Sources */ = {isa = PBXBuildFile; fileRef = 6A2CCB1F29A0D81800B3A935 /* RemoteFeedItem.swift */; };
		6A2CCB2229A0D85900B3A935 /* LocalFeedImage.swift in Sources */ = {isa = PBXBuildFile; fileRef = 6A2CCB2129A0D85900B3A935 /* LocalFeedImage.swift */; };
		6A4CD76F29A745DC0034ABAF /* ValidateFeedCacheUseCaseTests.swift in Sources */ = {isa = PBXBuildFile; fileRef = 6A4CD76E29A745DC0034ABAF /* ValidateFeedCacheUseCaseTests.swift */; };
		6A4CD77129A74BB00034ABAF /* FeedCacheTestHelpers.swift in Sources */ = {isa = PBXBuildFile; fileRef = 6A4CD77029A74BB00034ABAF /* FeedCacheTestHelpers.swift */; };
		6A4CD77329A74D6F0034ABAF /* SharedTestHelpers.swift in Sources */ = {isa = PBXBuildFile; fileRef = 6A4CD77229A74D6F0034ABAF /* SharedTestHelpers.swift */; };
		6A63F2662A2B280900CE4E28 /* UIImage+TestHelpers.swift in Sources */ = {isa = PBXBuildFile; fileRef = 6A63F2652A2B280900CE4E28 /* UIImage+TestHelpers.swift */; };
		6A63F2682A2B28B100CE4E28 /* UIRefreshControl+TestHelpers.swift in Sources */ = {isa = PBXBuildFile; fileRef = 6A63F2672A2B28B100CE4E28 /* UIRefreshControl+TestHelpers.swift */; };
		6A63F26A2A2B297100CE4E28 /* UIButton+TestHelper.swift in Sources */ = {isa = PBXBuildFile; fileRef = 6A63F2692A2B297100CE4E28 /* UIButton+TestHelper.swift */; };
		6A63F26C2A2B2A8000CE4E28 /* UIControl+TestHelpers.swift in Sources */ = {isa = PBXBuildFile; fileRef = 6A63F26B2A2B2A8000CE4E28 /* UIControl+TestHelpers.swift */; };
		6A63F2732A2B2D1F00CE4E28 /* FeedImageCell.swift in Sources */ = {isa = PBXBuildFile; fileRef = 6A63F2722A2B2D1F00CE4E28 /* FeedImageCell.swift */; };
		6A63F2752A2B2D5D00CE4E28 /* UIView+Shimmering.swift in Sources */ = {isa = PBXBuildFile; fileRef = 6A63F2742A2B2D5D00CE4E28 /* UIView+Shimmering.swift */; };
		6A63F2782A2B2DB200CE4E28 /* FeedViewController+TestHelpers.swift in Sources */ = {isa = PBXBuildFile; fileRef = 6A63F2772A2B2DB200CE4E28 /* FeedViewController+TestHelpers.swift */; };
		6A63F27A2A2B2E0300CE4E28 /* FeedImageCell+TestHelpers.swift in Sources */ = {isa = PBXBuildFile; fileRef = 6A63F2792A2B2E0300CE4E28 /* FeedImageCell+TestHelpers.swift */; };
		6A63F27C2A2B2E4600CE4E28 /* FeedViewControllerTests+LoaderSpy.swift in Sources */ = {isa = PBXBuildFile; fileRef = 6A63F27B2A2B2E4600CE4E28 /* FeedViewControllerTests+LoaderSpy.swift */; };
		6A63F27E2A2B2EA100CE4E28 /* FeedViewControllerTests+Assertions.swift in Sources */ = {isa = PBXBuildFile; fileRef = 6A63F27D2A2B2EA100CE4E28 /* FeedViewControllerTests+Assertions.swift */; };
		6A63F2832A2B2FF100CE4E28 /* FeedImageDataLoader.swift in Sources */ = {isa = PBXBuildFile; fileRef = 6A63F2822A2B2FF100CE4E28 /* FeedImageDataLoader.swift */; };
		6A63F2872A2B3D0F00CE4E28 /* FeedImageCellController.swift in Sources */ = {isa = PBXBuildFile; fileRef = 6A63F2862A2B3D0F00CE4E28 /* FeedImageCellController.swift */; };
		6A63F28A2A2B3FD500CE4E28 /* FeedUIComposer.swift in Sources */ = {isa = PBXBuildFile; fileRef = 6A63F2892A2B3FD500CE4E28 /* FeedUIComposer.swift */; };
		6A63F28F2A2B6AC300CE4E28 /* FeedImageViewModel.swift in Sources */ = {isa = PBXBuildFile; fileRef = 6A63F28E2A2B6AC300CE4E28 /* FeedImageViewModel.swift */; };
		6A702B70298A462C004F3C06 /* URLSessionHTTPClientTests.swift in Sources */ = {isa = PBXBuildFile; fileRef = 6A702B6F298A462C004F3C06 /* URLSessionHTTPClientTests.swift */; };
		6A702B73298BC4AE004F3C06 /* XCTestCase+MemoryLeakTracking.swift in Sources */ = {isa = PBXBuildFile; fileRef = 6A702B72298BC4AE004F3C06 /* XCTestCase+MemoryLeakTracking.swift */; };
		6A702B75298BE29E004F3C06 /* URLSessionHTTPClient.swift in Sources */ = {isa = PBXBuildFile; fileRef = 6A702B74298BE29D004F3C06 /* URLSessionHTTPClient.swift */; };
		6A702B7D298C1F92004F3C06 /* EssentialFeedAPIEndToEndTests.swift in Sources */ = {isa = PBXBuildFile; fileRef = 6A702B7C298C1F92004F3C06 /* EssentialFeedAPIEndToEndTests.swift */; };
		6A702B7E298C1F92004F3C06 /* EssentialFeed.framework in Frameworks */ = {isa = PBXBuildFile; fileRef = 6ADA40B82979A05800E87609 /* EssentialFeed.framework */; };
		6A702B84298C2A6B004F3C06 /* XCTestCase+MemoryLeakTracking.swift in Sources */ = {isa = PBXBuildFile; fileRef = 6A702B72298BC4AE004F3C06 /* XCTestCase+MemoryLeakTracking.swift */; };
		6A75C9802A1D9FC60065D688 /* XCTestCase+MemoryLeakTracking.swift in Sources */ = {isa = PBXBuildFile; fileRef = 6A702B72298BC4AE004F3C06 /* XCTestCase+MemoryLeakTracking.swift */; };
		6A75C9822A1DAA5D0065D688 /* FeedViewController.swift in Sources */ = {isa = PBXBuildFile; fileRef = 6A75C9812A1DAA5D0065D688 /* FeedViewController.swift */; };
		6A777A332A1B2BDA00E27D78 /* FeedUIIntegrationTests.swift in Sources */ = {isa = PBXBuildFile; fileRef = 6A777A322A1B2BDA00E27D78 /* FeedUIIntegrationTests.swift */; };
		6A777A352A1B31C400E27D78 /* EssentialFeed.framework in Frameworks */ = {isa = PBXBuildFile; fileRef = 6ADA40B82979A05800E87609 /* EssentialFeed.framework */; platformFilter = ios; };
		6A777A362A1B31C400E27D78 /* EssentialFeed.framework in Embed Frameworks */ = {isa = PBXBuildFile; fileRef = 6ADA40B82979A05800E87609 /* EssentialFeed.framework */; platformFilter = ios; settings = {ATTRIBUTES = (CodeSignOnCopy, RemoveHeadersOnCopy, ); }; };
		6A7DFC392994CB7200768BA7 /* CacheFeedUseCaseTests.swift in Sources */ = {isa = PBXBuildFile; fileRef = 6A7DFC382994CB7200768BA7 /* CacheFeedUseCaseTests.swift */; };
		6A7DFC3C29979E7C00768BA7 /* LocalFeedLoader.swift in Sources */ = {isa = PBXBuildFile; fileRef = 6A7DFC3B29979E7C00768BA7 /* LocalFeedLoader.swift */; };
		6A7DFC3E29979F3300768BA7 /* FeedStore.swift in Sources */ = {isa = PBXBuildFile; fileRef = 6A7DFC3D29979F3300768BA7 /* FeedStore.swift */; };
		6A80096A297FE3F90096BFF3 /* LoadFeedFromRemoteUseCaseTests.swift in Sources */ = {isa = PBXBuildFile; fileRef = 6A800969297FE3F90096BFF3 /* LoadFeedFromRemoteUseCaseTests.swift */; };
		6A80096D29812E920096BFF3 /* RemoteFeedLoader.swift in Sources */ = {isa = PBXBuildFile; fileRef = 6A80096C29812E910096BFF3 /* RemoteFeedLoader.swift */; };
		6A9B5B8F29C35F1F00299822 /* EssentialFeediOS.framework in Frameworks */ = {isa = PBXBuildFile; fileRef = 6A9B5B8529C35F1D00299822 /* EssentialFeediOS.framework */; };
		6A9E190D2A4EAD7B009EA31D /* MainQueueDispatchDecorator.swift in Sources */ = {isa = PBXBuildFile; fileRef = 6A9E190C2A4EAD7B009EA31D /* MainQueueDispatchDecorator.swift */; };
		6A9E190F2A4EAE04009EA31D /* WeakRefVirtualProxy.swift in Sources */ = {isa = PBXBuildFile; fileRef = 6A9E190E2A4EAE04009EA31D /* WeakRefVirtualProxy.swift */; };
		6A9E19112A4EAE43009EA31D /* FeedImageDataLoaderPresentationAdapter.swift in Sources */ = {isa = PBXBuildFile; fileRef = 6A9E19102A4EAE43009EA31D /* FeedImageDataLoaderPresentationAdapter.swift */; };
		6AA00F53298508AC001F8CB0 /* HTTPClient.swift in Sources */ = {isa = PBXBuildFile; fileRef = 6AA00F52298508AC001F8CB0 /* HTTPClient.swift */; };
		6AA00F552985090D001F8CB0 /* FeedItemsMapper.swift in Sources */ = {isa = PBXBuildFile; fileRef = 6AA00F542985090D001F8CB0 /* FeedItemsMapper.swift */; };
		6AA43BCD2A3AE43000FCA5ED /* FeedImagePresenter.swift in Sources */ = {isa = PBXBuildFile; fileRef = 6AA43BCC2A3AE43000FCA5ED /* FeedImagePresenter.swift */; };
		6AA43BCF2A3AE60F00FCA5ED /* FeedLoadingViewModel.swift in Sources */ = {isa = PBXBuildFile; fileRef = 6AA43BCE2A3AE60F00FCA5ED /* FeedLoadingViewModel.swift */; };
		6AA43BD12A3AE62500FCA5ED /* FeedViewModel.swift in Sources */ = {isa = PBXBuildFile; fileRef = 6AA43BD02A3AE62500FCA5ED /* FeedViewModel.swift */; };
		6AA711D62A40182C00B7C108 /* Feed.storyboard in Resources */ = {isa = PBXBuildFile; fileRef = 6AA711D52A40182C00B7C108 /* Feed.storyboard */; };
		6AB2D87A2A4018FC00F0C284 /* Feed.xcassets in Resources */ = {isa = PBXBuildFile; fileRef = 6AB2D8792A4018FC00F0C284 /* Feed.xcassets */; };
		6ACFE10B29A60AC20043207E /* LoadFeedFromCacheUseCaseTests.swift in Sources */ = {isa = PBXBuildFile; fileRef = 6ACFE10A29A60AC20043207E /* LoadFeedFromCacheUseCaseTests.swift */; };
		6ACFE10E29A60D030043207E /* FeedStoreSpy.swift in Sources */ = {isa = PBXBuildFile; fileRef = 6ACFE10D29A60D030043207E /* FeedStoreSpy.swift */; };
		6AD43F3F2A32F20B003704E9 /* FeedPresenter.swift in Sources */ = {isa = PBXBuildFile; fileRef = 6AD43F3E2A32F20B003704E9 /* FeedPresenter.swift */; };
		6ADA40C32979A05900E87609 /* EssentialFeed.framework in Frameworks */ = {isa = PBXBuildFile; fileRef = 6ADA40B82979A05800E87609 /* EssentialFeed.framework */; };
		6ADA40D32979A08900E87609 /* FeedImage.swift in Sources */ = {isa = PBXBuildFile; fileRef = 6ADA40D22979A08800E87609 /* FeedImage.swift */; };
		6ADA40D52979A41200E87609 /* FeedLoader.swift in Sources */ = {isa = PBXBuildFile; fileRef = 6ADA40D42979A41200E87609 /* FeedLoader.swift */; };
		6AE58E722A4174880039C46C /* UITableView+Dequeueing.swift in Sources */ = {isa = PBXBuildFile; fileRef = 6AE58E712A4174880039C46C /* UITableView+Dequeueing.swift */; };
		6AE58E742A4175200039C46C /* UIImageView+Animations.swift in Sources */ = {isa = PBXBuildFile; fileRef = 6AE58E732A4175200039C46C /* UIImageView+Animations.swift */; };
		6AF4113E29AE1D8500D750AD /* FeedStoreSpecs.swift in Sources */ = {isa = PBXBuildFile; fileRef = 6AF4113D29AE1D8500D750AD /* FeedStoreSpecs.swift */; };
		6AF4114029AE2EBE00D750AD /* XCTestCase+FeedStoreSpecs.swift in Sources */ = {isa = PBXBuildFile; fileRef = 6AF4113F29AE2EBE00D750AD /* XCTestCase+FeedStoreSpecs.swift */; };
		6AF4114229AE62E300D750AD /* XCTestCase+FailableRetrieveFeedStoreSpecs.swift in Sources */ = {isa = PBXBuildFile; fileRef = 6AF4114129AE62E300D750AD /* XCTestCase+FailableRetrieveFeedStoreSpecs.swift */; };
		6AF4114429AE639100D750AD /* XCTestCase+FailableInsertFeedStoreSpecs.swift in Sources */ = {isa = PBXBuildFile; fileRef = 6AF4114329AE639100D750AD /* XCTestCase+FailableInsertFeedStoreSpecs.swift */; };
		6AF4114629AE641A00D750AD /* XCTestCase+FailableDeleteFeedStoreSpecs.swift in Sources */ = {isa = PBXBuildFile; fileRef = 6AF4114529AE641A00D750AD /* XCTestCase+FailableDeleteFeedStoreSpecs.swift */; };
		6AF4114929AE6A8100D750AD /* CoreDataFeedStoreTests.swift in Sources */ = {isa = PBXBuildFile; fileRef = 6AF4114829AE6A8100D750AD /* CoreDataFeedStoreTests.swift */; };
		6AF4114B29AE6CE300D750AD /* CoreDataFeedStore.swift in Sources */ = {isa = PBXBuildFile; fileRef = 6AF4114A29AE6CE300D750AD /* CoreDataFeedStore.swift */; };
		6AF4114E29AE6E9300D750AD /* FeedStore.xcdatamodeld in Sources */ = {isa = PBXBuildFile; fileRef = 6AF4114C29AE6E9300D750AD /* FeedStore.xcdatamodeld */; };
		6AF4115329AE86DA00D750AD /* CoreDataHelpers.swift in Sources */ = {isa = PBXBuildFile; fileRef = 6AF4115229AE86DA00D750AD /* CoreDataHelpers.swift */; };
		6AF4115529AE876C00D750AD /* ManagedCache.swift in Sources */ = {isa = PBXBuildFile; fileRef = 6AF4115429AE876C00D750AD /* ManagedCache.swift */; };
		6AF4115729AE87A500D750AD /* ManagedFeedImage.swift in Sources */ = {isa = PBXBuildFile; fileRef = 6AF4115629AE87A500D750AD /* ManagedFeedImage.swift */; };
		6AF4115F29AF26AE00D750AD /* EssentialFeedCacheIntegrationTests.swift in Sources */ = {isa = PBXBuildFile; fileRef = 6AF4115E29AF26AE00D750AD /* EssentialFeedCacheIntegrationTests.swift */; };
		6AF4116029AF26AE00D750AD /* EssentialFeed.framework in Frameworks */ = {isa = PBXBuildFile; fileRef = 6ADA40B82979A05800E87609 /* EssentialFeed.framework */; };
		6AF4116629AF2A9700D750AD /* XCTestCase+MemoryLeakTracking.swift in Sources */ = {isa = PBXBuildFile; fileRef = 6A702B72298BC4AE004F3C06 /* XCTestCase+MemoryLeakTracking.swift */; };
		6AFA2CC929A77AB30031F6C3 /* FeedCachePolicy.swift in Sources */ = {isa = PBXBuildFile; fileRef = 6AFA2CC829A77AB30031F6C3 /* FeedCachePolicy.swift */; };
/* End PBXBuildFile section */

/* Begin PBXContainerItemProxy section */
		6A702B7F298C1F92004F3C06 /* PBXContainerItemProxy */ = {
			isa = PBXContainerItemProxy;
			containerPortal = 6ADA40AF2979A05800E87609 /* Project object */;
			proxyType = 1;
			remoteGlobalIDString = 6ADA40B72979A05800E87609;
			remoteInfo = EssentialFeed;
		};
		6A777A372A1B31C400E27D78 /* PBXContainerItemProxy */ = {
			isa = PBXContainerItemProxy;
			containerPortal = 6ADA40AF2979A05800E87609 /* Project object */;
			proxyType = 1;
			remoteGlobalIDString = 6ADA40B72979A05800E87609;
			remoteInfo = EssentialFeed;
		};
		6A9B5B9029C35F1F00299822 /* PBXContainerItemProxy */ = {
			isa = PBXContainerItemProxy;
			containerPortal = 6ADA40AF2979A05800E87609 /* Project object */;
			proxyType = 1;
			remoteGlobalIDString = 6A9B5B8429C35F1D00299822;
			remoteInfo = EssentialFeediOS;
		};
		6ADA40C42979A05900E87609 /* PBXContainerItemProxy */ = {
			isa = PBXContainerItemProxy;
			containerPortal = 6ADA40AF2979A05800E87609 /* Project object */;
			proxyType = 1;
			remoteGlobalIDString = 6ADA40B72979A05800E87609;
			remoteInfo = EssentialFeed;
		};
		6AF4116129AF26AE00D750AD /* PBXContainerItemProxy */ = {
			isa = PBXContainerItemProxy;
			containerPortal = 6ADA40AF2979A05800E87609 /* Project object */;
			proxyType = 1;
			remoteGlobalIDString = 6ADA40B72979A05800E87609;
			remoteInfo = EssentialFeed;
		};
/* End PBXContainerItemProxy section */

/* Begin PBXCopyFilesBuildPhase section */
		6A777A392A1B31C400E27D78 /* Embed Frameworks */ = {
			isa = PBXCopyFilesBuildPhase;
			buildActionMask = 2147483647;
			dstPath = "";
			dstSubfolderSpec = 10;
			files = (
				6A777A362A1B31C400E27D78 /* EssentialFeed.framework in Embed Frameworks */,
			);
			name = "Embed Frameworks";
			runOnlyForDeploymentPostprocessing = 0;
		};
/* End PBXCopyFilesBuildPhase section */

/* Begin PBXFileReference section */
		6A277D6C2A440F480013AF63 /* FeedViewControllerTests+Localization.swift */ = {isa = PBXFileReference; lastKnownFileType = sourcecode.swift; path = "FeedViewControllerTests+Localization.swift"; sourceTree = "<group>"; };
		6A277D6F2A4410640013AF63 /* en */ = {isa = PBXFileReference; lastKnownFileType = text.plist.strings; name = en; path = en.lproj/Feed.strings; sourceTree = "<group>"; };
		6A277D712A4410BE0013AF63 /* pt-BR */ = {isa = PBXFileReference; lastKnownFileType = text.plist.strings; name = "pt-BR"; path = "pt-BR.lproj/Feed.strings"; sourceTree = "<group>"; };
		6A277D722A4411070013AF63 /* el */ = {isa = PBXFileReference; lastKnownFileType = text.plist.strings; name = el; path = el.lproj/Feed.strings; sourceTree = "<group>"; };
		6A277D742A4412550013AF63 /* FeedLocalizationTests.swift */ = {isa = PBXFileReference; lastKnownFileType = sourcecode.swift; path = FeedLocalizationTests.swift; sourceTree = "<group>"; };
		6A2CCB1F29A0D81800B3A935 /* RemoteFeedItem.swift */ = {isa = PBXFileReference; lastKnownFileType = sourcecode.swift; path = RemoteFeedItem.swift; sourceTree = "<group>"; };
		6A2CCB2129A0D85900B3A935 /* LocalFeedImage.swift */ = {isa = PBXFileReference; lastKnownFileType = sourcecode.swift; path = LocalFeedImage.swift; sourceTree = "<group>"; };
		6A4CD76E29A745DC0034ABAF /* ValidateFeedCacheUseCaseTests.swift */ = {isa = PBXFileReference; lastKnownFileType = sourcecode.swift; path = ValidateFeedCacheUseCaseTests.swift; sourceTree = "<group>"; };
		6A4CD77029A74BB00034ABAF /* FeedCacheTestHelpers.swift */ = {isa = PBXFileReference; lastKnownFileType = sourcecode.swift; path = FeedCacheTestHelpers.swift; sourceTree = "<group>"; };
		6A4CD77229A74D6F0034ABAF /* SharedTestHelpers.swift */ = {isa = PBXFileReference; lastKnownFileType = sourcecode.swift; path = SharedTestHelpers.swift; sourceTree = "<group>"; };
		6A63F2652A2B280900CE4E28 /* UIImage+TestHelpers.swift */ = {isa = PBXFileReference; lastKnownFileType = sourcecode.swift; path = "UIImage+TestHelpers.swift"; sourceTree = "<group>"; };
		6A63F2672A2B28B100CE4E28 /* UIRefreshControl+TestHelpers.swift */ = {isa = PBXFileReference; lastKnownFileType = sourcecode.swift; path = "UIRefreshControl+TestHelpers.swift"; sourceTree = "<group>"; };
		6A63F2692A2B297100CE4E28 /* UIButton+TestHelper.swift */ = {isa = PBXFileReference; lastKnownFileType = sourcecode.swift; path = "UIButton+TestHelper.swift"; sourceTree = "<group>"; };
		6A63F26B2A2B2A8000CE4E28 /* UIControl+TestHelpers.swift */ = {isa = PBXFileReference; lastKnownFileType = sourcecode.swift; path = "UIControl+TestHelpers.swift"; sourceTree = "<group>"; };
		6A63F2722A2B2D1F00CE4E28 /* FeedImageCell.swift */ = {isa = PBXFileReference; lastKnownFileType = sourcecode.swift; path = FeedImageCell.swift; sourceTree = "<group>"; };
		6A63F2742A2B2D5D00CE4E28 /* UIView+Shimmering.swift */ = {isa = PBXFileReference; lastKnownFileType = sourcecode.swift; path = "UIView+Shimmering.swift"; sourceTree = "<group>"; };
		6A63F2772A2B2DB200CE4E28 /* FeedViewController+TestHelpers.swift */ = {isa = PBXFileReference; lastKnownFileType = sourcecode.swift; path = "FeedViewController+TestHelpers.swift"; sourceTree = "<group>"; };
		6A63F2792A2B2E0300CE4E28 /* FeedImageCell+TestHelpers.swift */ = {isa = PBXFileReference; lastKnownFileType = sourcecode.swift; path = "FeedImageCell+TestHelpers.swift"; sourceTree = "<group>"; };
		6A63F27B2A2B2E4600CE4E28 /* FeedViewControllerTests+LoaderSpy.swift */ = {isa = PBXFileReference; lastKnownFileType = sourcecode.swift; path = "FeedViewControllerTests+LoaderSpy.swift"; sourceTree = "<group>"; };
		6A63F27D2A2B2EA100CE4E28 /* FeedViewControllerTests+Assertions.swift */ = {isa = PBXFileReference; lastKnownFileType = sourcecode.swift; path = "FeedViewControllerTests+Assertions.swift"; sourceTree = "<group>"; };
		6A63F2822A2B2FF100CE4E28 /* FeedImageDataLoader.swift */ = {isa = PBXFileReference; lastKnownFileType = sourcecode.swift; path = FeedImageDataLoader.swift; sourceTree = "<group>"; };
		6A63F2862A2B3D0F00CE4E28 /* FeedImageCellController.swift */ = {isa = PBXFileReference; lastKnownFileType = sourcecode.swift; path = FeedImageCellController.swift; sourceTree = "<group>"; };
		6A63F2892A2B3FD500CE4E28 /* FeedUIComposer.swift */ = {isa = PBXFileReference; lastKnownFileType = sourcecode.swift; path = FeedUIComposer.swift; sourceTree = "<group>"; };
		6A63F28E2A2B6AC300CE4E28 /* FeedImageViewModel.swift */ = {isa = PBXFileReference; lastKnownFileType = sourcecode.swift; path = FeedImageViewModel.swift; sourceTree = "<group>"; };
		6A702B6F298A462C004F3C06 /* URLSessionHTTPClientTests.swift */ = {isa = PBXFileReference; lastKnownFileType = sourcecode.swift; path = URLSessionHTTPClientTests.swift; sourceTree = "<group>"; };
		6A702B72298BC4AE004F3C06 /* XCTestCase+MemoryLeakTracking.swift */ = {isa = PBXFileReference; lastKnownFileType = sourcecode.swift; path = "XCTestCase+MemoryLeakTracking.swift"; sourceTree = "<group>"; };
		6A702B74298BE29D004F3C06 /* URLSessionHTTPClient.swift */ = {isa = PBXFileReference; lastKnownFileType = sourcecode.swift; path = URLSessionHTTPClient.swift; sourceTree = "<group>"; };
		6A702B7A298C1F92004F3C06 /* EssentialFeedAPIEndToEndTests.xctest */ = {isa = PBXFileReference; explicitFileType = wrapper.cfbundle; includeInIndex = 0; path = EssentialFeedAPIEndToEndTests.xctest; sourceTree = BUILT_PRODUCTS_DIR; };
		6A702B7C298C1F92004F3C06 /* EssentialFeedAPIEndToEndTests.swift */ = {isa = PBXFileReference; lastKnownFileType = sourcecode.swift; path = EssentialFeedAPIEndToEndTests.swift; sourceTree = "<group>"; };
		6A75C9812A1DAA5D0065D688 /* FeedViewController.swift */ = {isa = PBXFileReference; lastKnownFileType = sourcecode.swift; path = FeedViewController.swift; sourceTree = "<group>"; };
		6A777A322A1B2BDA00E27D78 /* FeedUIIntegrationTests.swift */ = {isa = PBXFileReference; lastKnownFileType = sourcecode.swift; path = FeedUIIntegrationTests.swift; sourceTree = "<group>"; };
		6A7DFC382994CB7200768BA7 /* CacheFeedUseCaseTests.swift */ = {isa = PBXFileReference; lastKnownFileType = sourcecode.swift; path = CacheFeedUseCaseTests.swift; sourceTree = "<group>"; };
		6A7DFC3B29979E7C00768BA7 /* LocalFeedLoader.swift */ = {isa = PBXFileReference; lastKnownFileType = sourcecode.swift; path = LocalFeedLoader.swift; sourceTree = "<group>"; };
		6A7DFC3D29979F3300768BA7 /* FeedStore.swift */ = {isa = PBXFileReference; lastKnownFileType = sourcecode.swift; path = FeedStore.swift; sourceTree = "<group>"; };
		6A800969297FE3F90096BFF3 /* LoadFeedFromRemoteUseCaseTests.swift */ = {isa = PBXFileReference; lastKnownFileType = sourcecode.swift; path = LoadFeedFromRemoteUseCaseTests.swift; sourceTree = "<group>"; };
		6A80096C29812E910096BFF3 /* RemoteFeedLoader.swift */ = {isa = PBXFileReference; lastKnownFileType = sourcecode.swift; path = RemoteFeedLoader.swift; sourceTree = "<group>"; };
		6A9B5B8529C35F1D00299822 /* EssentialFeediOS.framework */ = {isa = PBXFileReference; explicitFileType = wrapper.framework; includeInIndex = 0; path = EssentialFeediOS.framework; sourceTree = BUILT_PRODUCTS_DIR; };
		6A9B5B8E29C35F1F00299822 /* EssentialFeediOSTests.xctest */ = {isa = PBXFileReference; explicitFileType = wrapper.cfbundle; includeInIndex = 0; path = EssentialFeediOSTests.xctest; sourceTree = BUILT_PRODUCTS_DIR; };
		6A9E190C2A4EAD7B009EA31D /* MainQueueDispatchDecorator.swift */ = {isa = PBXFileReference; lastKnownFileType = sourcecode.swift; path = MainQueueDispatchDecorator.swift; sourceTree = "<group>"; };
		6A9E190E2A4EAE04009EA31D /* WeakRefVirtualProxy.swift */ = {isa = PBXFileReference; lastKnownFileType = sourcecode.swift; path = WeakRefVirtualProxy.swift; sourceTree = "<group>"; };
		6A9E19102A4EAE43009EA31D /* FeedImageDataLoaderPresentationAdapter.swift */ = {isa = PBXFileReference; lastKnownFileType = sourcecode.swift; path = FeedImageDataLoaderPresentationAdapter.swift; sourceTree = "<group>"; };
		6AA00F52298508AC001F8CB0 /* HTTPClient.swift */ = {isa = PBXFileReference; lastKnownFileType = sourcecode.swift; path = HTTPClient.swift; sourceTree = "<group>"; };
		6AA00F542985090D001F8CB0 /* FeedItemsMapper.swift */ = {isa = PBXFileReference; lastKnownFileType = sourcecode.swift; path = FeedItemsMapper.swift; sourceTree = "<group>"; };
		6AA43BCC2A3AE43000FCA5ED /* FeedImagePresenter.swift */ = {isa = PBXFileReference; lastKnownFileType = sourcecode.swift; path = FeedImagePresenter.swift; sourceTree = "<group>"; };
		6AA43BCE2A3AE60F00FCA5ED /* FeedLoadingViewModel.swift */ = {isa = PBXFileReference; lastKnownFileType = sourcecode.swift; path = FeedLoadingViewModel.swift; sourceTree = "<group>"; };
		6AA43BD02A3AE62500FCA5ED /* FeedViewModel.swift */ = {isa = PBXFileReference; lastKnownFileType = sourcecode.swift; path = FeedViewModel.swift; sourceTree = "<group>"; };
		6AA711D52A40182C00B7C108 /* Feed.storyboard */ = {isa = PBXFileReference; lastKnownFileType = file.storyboard; path = Feed.storyboard; sourceTree = "<group>"; };
		6AB2D8792A4018FC00F0C284 /* Feed.xcassets */ = {isa = PBXFileReference; lastKnownFileType = folder.assetcatalog; path = Feed.xcassets; sourceTree = "<group>"; };
		6ACFE10A29A60AC20043207E /* LoadFeedFromCacheUseCaseTests.swift */ = {isa = PBXFileReference; lastKnownFileType = sourcecode.swift; path = LoadFeedFromCacheUseCaseTests.swift; sourceTree = "<group>"; };
		6ACFE10D29A60D030043207E /* FeedStoreSpy.swift */ = {isa = PBXFileReference; lastKnownFileType = sourcecode.swift; path = FeedStoreSpy.swift; sourceTree = "<group>"; };
		6AD43F3E2A32F20B003704E9 /* FeedPresenter.swift */ = {isa = PBXFileReference; lastKnownFileType = sourcecode.swift; path = FeedPresenter.swift; sourceTree = "<group>"; };
		6ADA40B82979A05800E87609 /* EssentialFeed.framework */ = {isa = PBXFileReference; explicitFileType = wrapper.framework; includeInIndex = 0; path = EssentialFeed.framework; sourceTree = BUILT_PRODUCTS_DIR; };
		6ADA40C22979A05900E87609 /* EssentialFeedTests.xctest */ = {isa = PBXFileReference; explicitFileType = wrapper.cfbundle; includeInIndex = 0; path = EssentialFeedTests.xctest; sourceTree = BUILT_PRODUCTS_DIR; };
		6ADA40D22979A08800E87609 /* FeedImage.swift */ = {isa = PBXFileReference; lastKnownFileType = sourcecode.swift; path = FeedImage.swift; sourceTree = "<group>"; };
		6ADA40D42979A41200E87609 /* FeedLoader.swift */ = {isa = PBXFileReference; lastKnownFileType = sourcecode.swift; path = FeedLoader.swift; sourceTree = "<group>"; };
		6AE58E712A4174880039C46C /* UITableView+Dequeueing.swift */ = {isa = PBXFileReference; lastKnownFileType = sourcecode.swift; path = "UITableView+Dequeueing.swift"; sourceTree = "<group>"; };
		6AE58E732A4175200039C46C /* UIImageView+Animations.swift */ = {isa = PBXFileReference; lastKnownFileType = sourcecode.swift; path = "UIImageView+Animations.swift"; sourceTree = "<group>"; };
		6AF4113D29AE1D8500D750AD /* FeedStoreSpecs.swift */ = {isa = PBXFileReference; lastKnownFileType = sourcecode.swift; path = FeedStoreSpecs.swift; sourceTree = "<group>"; };
		6AF4113F29AE2EBE00D750AD /* XCTestCase+FeedStoreSpecs.swift */ = {isa = PBXFileReference; lastKnownFileType = sourcecode.swift; path = "XCTestCase+FeedStoreSpecs.swift"; sourceTree = "<group>"; };
		6AF4114129AE62E300D750AD /* XCTestCase+FailableRetrieveFeedStoreSpecs.swift */ = {isa = PBXFileReference; lastKnownFileType = sourcecode.swift; path = "XCTestCase+FailableRetrieveFeedStoreSpecs.swift"; sourceTree = "<group>"; };
		6AF4114329AE639100D750AD /* XCTestCase+FailableInsertFeedStoreSpecs.swift */ = {isa = PBXFileReference; lastKnownFileType = sourcecode.swift; path = "XCTestCase+FailableInsertFeedStoreSpecs.swift"; sourceTree = "<group>"; };
		6AF4114529AE641A00D750AD /* XCTestCase+FailableDeleteFeedStoreSpecs.swift */ = {isa = PBXFileReference; lastKnownFileType = sourcecode.swift; path = "XCTestCase+FailableDeleteFeedStoreSpecs.swift"; sourceTree = "<group>"; };
		6AF4114829AE6A8100D750AD /* CoreDataFeedStoreTests.swift */ = {isa = PBXFileReference; lastKnownFileType = sourcecode.swift; path = CoreDataFeedStoreTests.swift; sourceTree = "<group>"; };
		6AF4114A29AE6CE300D750AD /* CoreDataFeedStore.swift */ = {isa = PBXFileReference; lastKnownFileType = sourcecode.swift; path = CoreDataFeedStore.swift; sourceTree = "<group>"; };
		6AF4114D29AE6E9300D750AD /* FeedStore.xcdatamodel */ = {isa = PBXFileReference; lastKnownFileType = wrapper.xcdatamodel; path = FeedStore.xcdatamodel; sourceTree = "<group>"; };
		6AF4115229AE86DA00D750AD /* CoreDataHelpers.swift */ = {isa = PBXFileReference; lastKnownFileType = sourcecode.swift; path = CoreDataHelpers.swift; sourceTree = "<group>"; };
		6AF4115429AE876C00D750AD /* ManagedCache.swift */ = {isa = PBXFileReference; lastKnownFileType = sourcecode.swift; path = ManagedCache.swift; sourceTree = "<group>"; };
		6AF4115629AE87A500D750AD /* ManagedFeedImage.swift */ = {isa = PBXFileReference; lastKnownFileType = sourcecode.swift; path = ManagedFeedImage.swift; sourceTree = "<group>"; };
		6AF4115C29AF26AD00D750AD /* EssentialFeedCacheIntegrationTests.xctest */ = {isa = PBXFileReference; explicitFileType = wrapper.cfbundle; includeInIndex = 0; path = EssentialFeedCacheIntegrationTests.xctest; sourceTree = BUILT_PRODUCTS_DIR; };
		6AF4115E29AF26AE00D750AD /* EssentialFeedCacheIntegrationTests.swift */ = {isa = PBXFileReference; lastKnownFileType = sourcecode.swift; path = EssentialFeedCacheIntegrationTests.swift; sourceTree = "<group>"; };
		6AFA2CC829A77AB30031F6C3 /* FeedCachePolicy.swift */ = {isa = PBXFileReference; lastKnownFileType = sourcecode.swift; path = FeedCachePolicy.swift; sourceTree = "<group>"; };
/* End PBXFileReference section */

/* Begin PBXFrameworksBuildPhase section */
		6A702B77298C1F92004F3C06 /* Frameworks */ = {
			isa = PBXFrameworksBuildPhase;
			buildActionMask = 2147483647;
			files = (
				6A702B7E298C1F92004F3C06 /* EssentialFeed.framework in Frameworks */,
			);
			runOnlyForDeploymentPostprocessing = 0;
		};
		6A9B5B8229C35F1D00299822 /* Frameworks */ = {
			isa = PBXFrameworksBuildPhase;
			buildActionMask = 2147483647;
			files = (
				6A777A352A1B31C400E27D78 /* EssentialFeed.framework in Frameworks */,
			);
			runOnlyForDeploymentPostprocessing = 0;
		};
		6A9B5B8B29C35F1F00299822 /* Frameworks */ = {
			isa = PBXFrameworksBuildPhase;
			buildActionMask = 2147483647;
			files = (
				6A9B5B8F29C35F1F00299822 /* EssentialFeediOS.framework in Frameworks */,
			);
			runOnlyForDeploymentPostprocessing = 0;
		};
		6ADA40B52979A05800E87609 /* Frameworks */ = {
			isa = PBXFrameworksBuildPhase;
			buildActionMask = 2147483647;
			files = (
			);
			runOnlyForDeploymentPostprocessing = 0;
		};
		6ADA40BF2979A05900E87609 /* Frameworks */ = {
			isa = PBXFrameworksBuildPhase;
			buildActionMask = 2147483647;
			files = (
				6ADA40C32979A05900E87609 /* EssentialFeed.framework in Frameworks */,
			);
			runOnlyForDeploymentPostprocessing = 0;
		};
		6AF4115929AF26AD00D750AD /* Frameworks */ = {
			isa = PBXFrameworksBuildPhase;
			buildActionMask = 2147483647;
			files = (
				6AF4116029AF26AE00D750AD /* EssentialFeed.framework in Frameworks */,
			);
			runOnlyForDeploymentPostprocessing = 0;
		};
/* End PBXFrameworksBuildPhase section */

/* Begin PBXGroup section */
		6A277D732A4412380013AF63 /* Feed Presentation */ = {
			isa = PBXGroup;
			children = (
				6A277D742A4412550013AF63 /* FeedLocalizationTests.swift */,
			);
			path = "Feed Presentation";
			sourceTree = "<group>";
		};
		6A63F26D2A2B2BE200CE4E28 /* Controllers */ = {
			isa = PBXGroup;
			children = (
				6A75C9812A1DAA5D0065D688 /* FeedViewController.swift */,
				6A63F2862A2B3D0F00CE4E28 /* FeedImageCellController.swift */,
			);
			path = Controllers;
			sourceTree = "<group>";
		};
		6A63F2712A2B2D0F00CE4E28 /* Views */ = {
			isa = PBXGroup;
			children = (
				6A63F2722A2B2D1F00CE4E28 /* FeedImageCell.swift */,
				6A63F2742A2B2D5D00CE4E28 /* UIView+Shimmering.swift */,
				6AE58E712A4174880039C46C /* UITableView+Dequeueing.swift */,
				6AE58E732A4175200039C46C /* UIImageView+Animations.swift */,
				6AA711D52A40182C00B7C108 /* Feed.storyboard */,
				6AB2D8792A4018FC00F0C284 /* Feed.xcassets */,
			);
			path = Views;
			sourceTree = "<group>";
		};
		6A63F2762A2B2DA600CE4E28 /* Helpers */ = {
			isa = PBXGroup;
			children = (
				6A63F2652A2B280900CE4E28 /* UIImage+TestHelpers.swift */,
				6A63F2672A2B28B100CE4E28 /* UIRefreshControl+TestHelpers.swift */,
				6A63F2692A2B297100CE4E28 /* UIButton+TestHelper.swift */,
				6A63F26B2A2B2A8000CE4E28 /* UIControl+TestHelpers.swift */,
				6A63F2772A2B2DB200CE4E28 /* FeedViewController+TestHelpers.swift */,
				6A63F2792A2B2E0300CE4E28 /* FeedImageCell+TestHelpers.swift */,
				6A63F27B2A2B2E4600CE4E28 /* FeedViewControllerTests+LoaderSpy.swift */,
				6A63F27D2A2B2EA100CE4E28 /* FeedViewControllerTests+Assertions.swift */,
				6A277D6C2A440F480013AF63 /* FeedViewControllerTests+Localization.swift */,
			);
			path = Helpers;
			sourceTree = "<group>";
		};
		6A63F27F2A2B2F4500CE4E28 /* Feed UI */ = {
			isa = PBXGroup;
			children = (
				6A63F2882A2B3FC900CE4E28 /* Composers */,
				6A63F2712A2B2D0F00CE4E28 /* Views */,
				6A63F26D2A2B2BE200CE4E28 /* Controllers */,
			);
			path = "Feed UI";
			sourceTree = "<group>";
		};
		6A63F2802A2B2F8900CE4E28 /* Feed UI */ = {
			isa = PBXGroup;
			children = (
				6A63F2762A2B2DA600CE4E28 /* Helpers */,
				6A777A322A1B2BDA00E27D78 /* FeedUIIntegrationTests.swift */,
			);
			path = "Feed UI";
			sourceTree = "<group>";
		};
		6A63F2812A2B2FD200CE4E28 /* Feed Image Loader */ = {
			isa = PBXGroup;
			children = (
				6A63F2822A2B2FF100CE4E28 /* FeedImageDataLoader.swift */,
			);
			path = "Feed Image Loader";
			sourceTree = "<group>";
		};
		6A63F2882A2B3FC900CE4E28 /* Composers */ = {
			isa = PBXGroup;
			children = (
				6A63F2892A2B3FD500CE4E28 /* FeedUIComposer.swift */,
				6A9E190C2A4EAD7B009EA31D /* MainQueueDispatchDecorator.swift */,
				6A9E190E2A4EAE04009EA31D /* WeakRefVirtualProxy.swift */,
				6A9E19102A4EAE43009EA31D /* FeedImageDataLoaderPresentationAdapter.swift */,
			);
			path = Composers;
			sourceTree = "<group>";
		};
		6A702B71298BC480004F3C06 /* Helpers */ = {
			isa = PBXGroup;
			children = (
				6A702B72298BC4AE004F3C06 /* XCTestCase+MemoryLeakTracking.swift */,
				6A4CD77229A74D6F0034ABAF /* SharedTestHelpers.swift */,
			);
			path = Helpers;
			sourceTree = "<group>";
		};
		6A702B7B298C1F92004F3C06 /* EssentialFeedAPIEndToEndTests */ = {
			isa = PBXGroup;
			children = (
				6A702B7C298C1F92004F3C06 /* EssentialFeedAPIEndToEndTests.swift */,
			);
			path = EssentialFeedAPIEndToEndTests;
			sourceTree = "<group>";
		};
		6A777A342A1B31C400E27D78 /* Frameworks */ = {
			isa = PBXGroup;
			children = (
			);
			name = Frameworks;
			sourceTree = "<group>";
		};
		6A7DFC372994CB2700768BA7 /* Feed Cache */ = {
			isa = PBXGroup;
			children = (
				6AF4114729AE654E00D750AD /* FeedStoreSpecs */,
				6ACFE10C29A60CF70043207E /* Helpers */,
				6A7DFC382994CB7200768BA7 /* CacheFeedUseCaseTests.swift */,
				6ACFE10A29A60AC20043207E /* LoadFeedFromCacheUseCaseTests.swift */,
				6A4CD76E29A745DC0034ABAF /* ValidateFeedCacheUseCaseTests.swift */,
				6AF4114829AE6A8100D750AD /* CoreDataFeedStoreTests.swift */,
			);
			path = "Feed Cache";
			sourceTree = "<group>";
		};
		6A7DFC3A29979E6400768BA7 /* Feed Cache */ = {
			isa = PBXGroup;
			children = (
				6AF4114F29AE855F00D750AD /* Infrastructure */,
				6A7DFC3B29979E7C00768BA7 /* LocalFeedLoader.swift */,
				6A7DFC3D29979F3300768BA7 /* FeedStore.swift */,
				6A2CCB2129A0D85900B3A935 /* LocalFeedImage.swift */,
				6AFA2CC829A77AB30031F6C3 /* FeedCachePolicy.swift */,
			);
			path = "Feed Cache";
			sourceTree = "<group>";
		};
		6A80096B29812E670096BFF3 /* Feed API */ = {
			isa = PBXGroup;
			children = (
				6A80096C29812E910096BFF3 /* RemoteFeedLoader.swift */,
				6AA00F542985090D001F8CB0 /* FeedItemsMapper.swift */,
				6A2CCB1F29A0D81800B3A935 /* RemoteFeedItem.swift */,
				6AA00F52298508AC001F8CB0 /* HTTPClient.swift */,
				6A702B74298BE29D004F3C06 /* URLSessionHTTPClient.swift */,
			);
			path = "Feed API";
			sourceTree = "<group>";
		};
		6A9B5B8629C35F1E00299822 /* EssentialFeediOS */ = {
			isa = PBXGroup;
			children = (
				6AD43F3D2A32EF16003704E9 /* Feed Presentation */,
				6A63F2812A2B2FD200CE4E28 /* Feed Image Loader */,
				6A63F27F2A2B2F4500CE4E28 /* Feed UI */,
			);
			path = EssentialFeediOS;
			sourceTree = "<group>";
		};
		6A9B5B9229C35F2000299822 /* EssentialFeediOSTests */ = {
			isa = PBXGroup;
			children = (
				6A277D732A4412380013AF63 /* Feed Presentation */,
				6A63F2802A2B2F8900CE4E28 /* Feed UI */,
			);
			path = EssentialFeediOSTests;
			sourceTree = "<group>";
		};
		6AA00F5829852086001F8CB0 /* Feed API */ = {
			isa = PBXGroup;
			children = (
				6A800969297FE3F90096BFF3 /* LoadFeedFromRemoteUseCaseTests.swift */,
				6A702B6F298A462C004F3C06 /* URLSessionHTTPClientTests.swift */,
			);
			path = "Feed API";
			sourceTree = "<group>";
		};
		6ACFE10C29A60CF70043207E /* Helpers */ = {
			isa = PBXGroup;
			children = (
				6ACFE10D29A60D030043207E /* FeedStoreSpy.swift */,
				6A4CD77029A74BB00034ABAF /* FeedCacheTestHelpers.swift */,
			);
			path = Helpers;
			sourceTree = "<group>";
		};
		6AD43F3D2A32EF16003704E9 /* Feed Presentation */ = {
			isa = PBXGroup;
			children = (
				6A63F28E2A2B6AC300CE4E28 /* FeedImageViewModel.swift */,
				6AD43F3E2A32F20B003704E9 /* FeedPresenter.swift */,
				6AA43BCC2A3AE43000FCA5ED /* FeedImagePresenter.swift */,
				6AA43BCE2A3AE60F00FCA5ED /* FeedLoadingViewModel.swift */,
				6AA43BD02A3AE62500FCA5ED /* FeedViewModel.swift */,
				6A277D702A4410640013AF63 /* Feed.strings */,
			);
			path = "Feed Presentation";
			sourceTree = "<group>";
		};
		6ADA40AE2979A05800E87609 = {
			isa = PBXGroup;
			children = (
				6ADA40BA2979A05800E87609 /* EssentialFeed */,
				6ADA40C62979A05900E87609 /* EssentialFeedTests */,
				6A702B7B298C1F92004F3C06 /* EssentialFeedAPIEndToEndTests */,
				6AF4115D29AF26AE00D750AD /* EssentialFeedCacheIntegrationTests */,
				6A9B5B8629C35F1E00299822 /* EssentialFeediOS */,
				6A9B5B9229C35F2000299822 /* EssentialFeediOSTests */,
				6ADA40B92979A05800E87609 /* Products */,
				6A777A342A1B31C400E27D78 /* Frameworks */,
			);
			sourceTree = "<group>";
		};
		6ADA40B92979A05800E87609 /* Products */ = {
			isa = PBXGroup;
			children = (
				6ADA40B82979A05800E87609 /* EssentialFeed.framework */,
				6ADA40C22979A05900E87609 /* EssentialFeedTests.xctest */,
				6A702B7A298C1F92004F3C06 /* EssentialFeedAPIEndToEndTests.xctest */,
				6AF4115C29AF26AD00D750AD /* EssentialFeedCacheIntegrationTests.xctest */,
				6A9B5B8529C35F1D00299822 /* EssentialFeediOS.framework */,
				6A9B5B8E29C35F1F00299822 /* EssentialFeediOSTests.xctest */,
			);
			name = Products;
			sourceTree = "<group>";
		};
		6ADA40BA2979A05800E87609 /* EssentialFeed */ = {
			isa = PBXGroup;
			children = (
				6A7DFC3A29979E6400768BA7 /* Feed Cache */,
				6ADA40D72979A57500E87609 /* Feed Feature */,
				6A80096B29812E670096BFF3 /* Feed API */,
			);
			path = EssentialFeed;
			sourceTree = "<group>";
		};
		6ADA40C62979A05900E87609 /* EssentialFeedTests */ = {
			isa = PBXGroup;
			children = (
				6A702B71298BC480004F3C06 /* Helpers */,
				6A7DFC372994CB2700768BA7 /* Feed Cache */,
				6AA00F5829852086001F8CB0 /* Feed API */,
			);
			path = EssentialFeedTests;
			sourceTree = "<group>";
		};
		6ADA40D72979A57500E87609 /* Feed Feature */ = {
			isa = PBXGroup;
			children = (
				6ADA40D22979A08800E87609 /* FeedImage.swift */,
				6ADA40D42979A41200E87609 /* FeedLoader.swift */,
			);
			path = "Feed Feature";
			sourceTree = "<group>";
		};
		6AF4114729AE654E00D750AD /* FeedStoreSpecs */ = {
			isa = PBXGroup;
			children = (
				6AF4113D29AE1D8500D750AD /* FeedStoreSpecs.swift */,
				6AF4113F29AE2EBE00D750AD /* XCTestCase+FeedStoreSpecs.swift */,
				6AF4114129AE62E300D750AD /* XCTestCase+FailableRetrieveFeedStoreSpecs.swift */,
				6AF4114329AE639100D750AD /* XCTestCase+FailableInsertFeedStoreSpecs.swift */,
				6AF4114529AE641A00D750AD /* XCTestCase+FailableDeleteFeedStoreSpecs.swift */,
			);
			path = FeedStoreSpecs;
			sourceTree = "<group>";
		};
		6AF4114F29AE855F00D750AD /* Infrastructure */ = {
			isa = PBXGroup;
			children = (
				6AF4115029AE858D00D750AD /* CoreData */,
			);
			path = Infrastructure;
			sourceTree = "<group>";
		};
		6AF4115029AE858D00D750AD /* CoreData */ = {
			isa = PBXGroup;
			children = (
				6AF4114A29AE6CE300D750AD /* CoreDataFeedStore.swift */,
				6AF4114C29AE6E9300D750AD /* FeedStore.xcdatamodeld */,
				6AF4115229AE86DA00D750AD /* CoreDataHelpers.swift */,
				6AF4115429AE876C00D750AD /* ManagedCache.swift */,
				6AF4115629AE87A500D750AD /* ManagedFeedImage.swift */,
			);
			path = CoreData;
			sourceTree = "<group>";
		};
		6AF4115D29AF26AE00D750AD /* EssentialFeedCacheIntegrationTests */ = {
			isa = PBXGroup;
			children = (
				6AF4115E29AF26AE00D750AD /* EssentialFeedCacheIntegrationTests.swift */,
			);
			path = EssentialFeedCacheIntegrationTests;
			sourceTree = "<group>";
		};
/* End PBXGroup section */

/* Begin PBXHeadersBuildPhase section */
		6A9B5B8029C35F1D00299822 /* Headers */ = {
			isa = PBXHeadersBuildPhase;
			buildActionMask = 2147483647;
			files = (
			);
			runOnlyForDeploymentPostprocessing = 0;
		};
		6ADA40B32979A05800E87609 /* Headers */ = {
			isa = PBXHeadersBuildPhase;
			buildActionMask = 2147483647;
			files = (
			);
			runOnlyForDeploymentPostprocessing = 0;
		};
/* End PBXHeadersBuildPhase section */

/* Begin PBXNativeTarget section */
		6A702B79298C1F92004F3C06 /* EssentialFeedAPIEndToEndTests */ = {
			isa = PBXNativeTarget;
			buildConfigurationList = 6A702B81298C1F92004F3C06 /* Build configuration list for PBXNativeTarget "EssentialFeedAPIEndToEndTests" */;
			buildPhases = (
				6A702B76298C1F92004F3C06 /* Sources */,
				6A702B77298C1F92004F3C06 /* Frameworks */,
				6A702B78298C1F92004F3C06 /* Resources */,
			);
			buildRules = (
			);
			dependencies = (
				6A702B80298C1F92004F3C06 /* PBXTargetDependency */,
			);
			name = EssentialFeedAPIEndToEndTests;
			productName = EssentialFeedAPIEndToEndTests;
			productReference = 6A702B7A298C1F92004F3C06 /* EssentialFeedAPIEndToEndTests.xctest */;
			productType = "com.apple.product-type.bundle.unit-test";
		};
		6A9B5B8429C35F1D00299822 /* EssentialFeediOS */ = {
			isa = PBXNativeTarget;
			buildConfigurationList = 6A9B5B9A29C35F2000299822 /* Build configuration list for PBXNativeTarget "EssentialFeediOS" */;
			buildPhases = (
				6A9B5B8029C35F1D00299822 /* Headers */,
				6A9B5B8129C35F1D00299822 /* Sources */,
				6A9B5B8229C35F1D00299822 /* Frameworks */,
				6A9B5B8329C35F1D00299822 /* Resources */,
				6A777A392A1B31C400E27D78 /* Embed Frameworks */,
			);
			buildRules = (
			);
			dependencies = (
				6A777A382A1B31C400E27D78 /* PBXTargetDependency */,
			);
			name = EssentialFeediOS;
			productName = EssentialFeediOS;
			productReference = 6A9B5B8529C35F1D00299822 /* EssentialFeediOS.framework */;
			productType = "com.apple.product-type.framework";
		};
		6A9B5B8D29C35F1F00299822 /* EssentialFeediOSTests */ = {
			isa = PBXNativeTarget;
			buildConfigurationList = 6A9B5B9B29C35F2000299822 /* Build configuration list for PBXNativeTarget "EssentialFeediOSTests" */;
			buildPhases = (
				6A9B5B8A29C35F1F00299822 /* Sources */,
				6A9B5B8B29C35F1F00299822 /* Frameworks */,
				6A9B5B8C29C35F1F00299822 /* Resources */,
			);
			buildRules = (
			);
			dependencies = (
				6A9B5B9129C35F1F00299822 /* PBXTargetDependency */,
			);
			name = EssentialFeediOSTests;
			productName = EssentialFeediOSTests;
			productReference = 6A9B5B8E29C35F1F00299822 /* EssentialFeediOSTests.xctest */;
			productType = "com.apple.product-type.bundle.unit-test";
		};
		6ADA40B72979A05800E87609 /* EssentialFeed */ = {
			isa = PBXNativeTarget;
			buildConfigurationList = 6ADA40CC2979A05900E87609 /* Build configuration list for PBXNativeTarget "EssentialFeed" */;
			buildPhases = (
				6ADA40B32979A05800E87609 /* Headers */,
				6ADA40B42979A05800E87609 /* Sources */,
				6ADA40B52979A05800E87609 /* Frameworks */,
				6ADA40B62979A05800E87609 /* Resources */,
			);
			buildRules = (
			);
			dependencies = (
			);
			name = EssentialFeed;
			productName = EssentialFeed;
			productReference = 6ADA40B82979A05800E87609 /* EssentialFeed.framework */;
			productType = "com.apple.product-type.framework";
		};
		6ADA40C12979A05900E87609 /* EssentialFeedTests */ = {
			isa = PBXNativeTarget;
			buildConfigurationList = 6ADA40CF2979A05900E87609 /* Build configuration list for PBXNativeTarget "EssentialFeedTests" */;
			buildPhases = (
				6ADA40BE2979A05900E87609 /* Sources */,
				6ADA40BF2979A05900E87609 /* Frameworks */,
				6ADA40C02979A05900E87609 /* Resources */,
			);
			buildRules = (
			);
			dependencies = (
				6ADA40C52979A05900E87609 /* PBXTargetDependency */,
			);
			name = EssentialFeedTests;
			productName = EssentialFeedTests;
			productReference = 6ADA40C22979A05900E87609 /* EssentialFeedTests.xctest */;
			productType = "com.apple.product-type.bundle.unit-test";
		};
		6AF4115B29AF26AD00D750AD /* EssentialFeedCacheIntegrationTests */ = {
			isa = PBXNativeTarget;
			buildConfigurationList = 6AF4116329AF26AE00D750AD /* Build configuration list for PBXNativeTarget "EssentialFeedCacheIntegrationTests" */;
			buildPhases = (
				6AF4115829AF26AD00D750AD /* Sources */,
				6AF4115929AF26AD00D750AD /* Frameworks */,
				6AF4115A29AF26AD00D750AD /* Resources */,
			);
			buildRules = (
			);
			dependencies = (
				6AF4116229AF26AE00D750AD /* PBXTargetDependency */,
			);
			name = EssentialFeedCacheIntegrationTests;
			productName = EssentialFeedCacheIntegrationTests;
			productReference = 6AF4115C29AF26AD00D750AD /* EssentialFeedCacheIntegrationTests.xctest */;
			productType = "com.apple.product-type.bundle.unit-test";
		};
/* End PBXNativeTarget section */

/* Begin PBXProject section */
		6ADA40AF2979A05800E87609 /* Project object */ = {
			isa = PBXProject;
			attributes = {
				BuildIndependentTargetsInParallel = 1;
				LastSwiftUpdateCheck = 1420;
				LastUpgradeCheck = 1420;
				TargetAttributes = {
					6A702B79298C1F92004F3C06 = {
						CreatedOnToolsVersion = 14.1;
					};
					6A9B5B8429C35F1D00299822 = {
						CreatedOnToolsVersion = 14.2;
						LastSwiftMigration = 1420;
					};
					6A9B5B8D29C35F1F00299822 = {
						CreatedOnToolsVersion = 14.2;
						LastSwiftMigration = 1420;
					};
					6ADA40B72979A05800E87609 = {
						CreatedOnToolsVersion = 14.1;
					};
					6ADA40C12979A05900E87609 = {
						CreatedOnToolsVersion = 14.1;
						LastSwiftMigration = 1410;
					};
					6AF4115B29AF26AD00D750AD = {
						CreatedOnToolsVersion = 14.1;
					};
				};
			};
			buildConfigurationList = 6ADA40B22979A05800E87609 /* Build configuration list for PBXProject "EssentialFeed" */;
			compatibilityVersion = "Xcode 14.0";
			developmentRegion = en;
			hasScannedForEncodings = 0;
			knownRegions = (
				en,
				Base,
				"pt-BR",
				el,
			);
			mainGroup = 6ADA40AE2979A05800E87609;
			productRefGroup = 6ADA40B92979A05800E87609 /* Products */;
			projectDirPath = "";
			projectRoot = "";
			targets = (
				6ADA40B72979A05800E87609 /* EssentialFeed */,
				6ADA40C12979A05900E87609 /* EssentialFeedTests */,
				6A702B79298C1F92004F3C06 /* EssentialFeedAPIEndToEndTests */,
				6AF4115B29AF26AD00D750AD /* EssentialFeedCacheIntegrationTests */,
				6A9B5B8429C35F1D00299822 /* EssentialFeediOS */,
				6A9B5B8D29C35F1F00299822 /* EssentialFeediOSTests */,
			);
		};
/* End PBXProject section */

/* Begin PBXResourcesBuildPhase section */
		6A702B78298C1F92004F3C06 /* Resources */ = {
			isa = PBXResourcesBuildPhase;
			buildActionMask = 2147483647;
			files = (
			);
			runOnlyForDeploymentPostprocessing = 0;
		};
		6A9B5B8329C35F1D00299822 /* Resources */ = {
			isa = PBXResourcesBuildPhase;
			buildActionMask = 2147483647;
			files = (
				6AA711D62A40182C00B7C108 /* Feed.storyboard in Resources */,
				6AB2D87A2A4018FC00F0C284 /* Feed.xcassets in Resources */,
				6A277D6E2A4410640013AF63 /* Feed.strings in Resources */,
			);
			runOnlyForDeploymentPostprocessing = 0;
		};
		6A9B5B8C29C35F1F00299822 /* Resources */ = {
			isa = PBXResourcesBuildPhase;
			buildActionMask = 2147483647;
			files = (
			);
			runOnlyForDeploymentPostprocessing = 0;
		};
		6ADA40B62979A05800E87609 /* Resources */ = {
			isa = PBXResourcesBuildPhase;
			buildActionMask = 2147483647;
			files = (
			);
			runOnlyForDeploymentPostprocessing = 0;
		};
		6ADA40C02979A05900E87609 /* Resources */ = {
			isa = PBXResourcesBuildPhase;
			buildActionMask = 2147483647;
			files = (
			);
			runOnlyForDeploymentPostprocessing = 0;
		};
		6AF4115A29AF26AD00D750AD /* Resources */ = {
			isa = PBXResourcesBuildPhase;
			buildActionMask = 2147483647;
			files = (
			);
			runOnlyForDeploymentPostprocessing = 0;
		};
/* End PBXResourcesBuildPhase section */

/* Begin PBXSourcesBuildPhase section */
		6A702B76298C1F92004F3C06 /* Sources */ = {
			isa = PBXSourcesBuildPhase;
			buildActionMask = 2147483647;
			files = (
				6A702B7D298C1F92004F3C06 /* EssentialFeedAPIEndToEndTests.swift in Sources */,
				6A702B84298C2A6B004F3C06 /* XCTestCase+MemoryLeakTracking.swift in Sources */,
			);
			runOnlyForDeploymentPostprocessing = 0;
		};
		6A9B5B8129C35F1D00299822 /* Sources */ = {
			isa = PBXSourcesBuildPhase;
			buildActionMask = 2147483647;
			files = (
				6AD43F3F2A32F20B003704E9 /* FeedPresenter.swift in Sources */,
				6A63F2832A2B2FF100CE4E28 /* FeedImageDataLoader.swift in Sources */,
				6AA43BD12A3AE62500FCA5ED /* FeedViewModel.swift in Sources */,
				6AE58E722A4174880039C46C /* UITableView+Dequeueing.swift in Sources */,
				6AA43BCF2A3AE60F00FCA5ED /* FeedLoadingViewModel.swift in Sources */,
				6A63F2752A2B2D5D00CE4E28 /* UIView+Shimmering.swift in Sources */,
				6AA43BCD2A3AE43000FCA5ED /* FeedImagePresenter.swift in Sources */,
				6A9E190F2A4EAE04009EA31D /* WeakRefVirtualProxy.swift in Sources */,
				6AE58E742A4175200039C46C /* UIImageView+Animations.swift in Sources */,
				6A9E190D2A4EAD7B009EA31D /* MainQueueDispatchDecorator.swift in Sources */,
				6A75C9822A1DAA5D0065D688 /* FeedViewController.swift in Sources */,
				6A63F2732A2B2D1F00CE4E28 /* FeedImageCell.swift in Sources */,
				6A9E19112A4EAE43009EA31D /* FeedImageDataLoaderPresentationAdapter.swift in Sources */,
				6A63F28F2A2B6AC300CE4E28 /* FeedImageViewModel.swift in Sources */,
				6A63F2872A2B3D0F00CE4E28 /* FeedImageCellController.swift in Sources */,
				6A63F28A2A2B3FD500CE4E28 /* FeedUIComposer.swift in Sources */,
			);
			runOnlyForDeploymentPostprocessing = 0;
		};
		6A9B5B8A29C35F1F00299822 /* Sources */ = {
			isa = PBXSourcesBuildPhase;
			buildActionMask = 2147483647;
			files = (
				6A777A332A1B2BDA00E27D78 /* FeedUIIntegrationTests.swift in Sources */,
				6A63F27E2A2B2EA100CE4E28 /* FeedViewControllerTests+Assertions.swift in Sources */,
				6A277D752A4412550013AF63 /* FeedLocalizationTests.swift in Sources */,
				6A63F26A2A2B297100CE4E28 /* UIButton+TestHelper.swift in Sources */,
				6A63F2682A2B28B100CE4E28 /* UIRefreshControl+TestHelpers.swift in Sources */,
				6A63F26C2A2B2A8000CE4E28 /* UIControl+TestHelpers.swift in Sources */,
				6A63F27C2A2B2E4600CE4E28 /* FeedViewControllerTests+LoaderSpy.swift in Sources */,
				6A63F2782A2B2DB200CE4E28 /* FeedViewController+TestHelpers.swift in Sources */,
				6A75C9802A1D9FC60065D688 /* XCTestCase+MemoryLeakTracking.swift in Sources */,
				6A63F2662A2B280900CE4E28 /* UIImage+TestHelpers.swift in Sources */,
				6A63F27A2A2B2E0300CE4E28 /* FeedImageCell+TestHelpers.swift in Sources */,
				6A277D6D2A440F480013AF63 /* FeedViewControllerTests+Localization.swift in Sources */,
			);
			runOnlyForDeploymentPostprocessing = 0;
		};
		6ADA40B42979A05800E87609 /* Sources */ = {
			isa = PBXSourcesBuildPhase;
			buildActionMask = 2147483647;
			files = (
				6A2CCB2229A0D85900B3A935 /* LocalFeedImage.swift in Sources */,
				6AF4114E29AE6E9300D750AD /* FeedStore.xcdatamodeld in Sources */,
				6A7DFC3E29979F3300768BA7 /* FeedStore.swift in Sources */,
				6A702B75298BE29E004F3C06 /* URLSessionHTTPClient.swift in Sources */,
				6A80096D29812E920096BFF3 /* RemoteFeedLoader.swift in Sources */,
				6AA00F53298508AC001F8CB0 /* HTTPClient.swift in Sources */,
				6AF4115329AE86DA00D750AD /* CoreDataHelpers.swift in Sources */,
				6ADA40D52979A41200E87609 /* FeedLoader.swift in Sources */,
				6AF4114B29AE6CE300D750AD /* CoreDataFeedStore.swift in Sources */,
				6AF4115529AE876C00D750AD /* ManagedCache.swift in Sources */,
				6AA00F552985090D001F8CB0 /* FeedItemsMapper.swift in Sources */,
				6A2CCB2029A0D81800B3A935 /* RemoteFeedItem.swift in Sources */,
				6AFA2CC929A77AB30031F6C3 /* FeedCachePolicy.swift in Sources */,
				6ADA40D32979A08900E87609 /* FeedImage.swift in Sources */,
				6AF4115729AE87A500D750AD /* ManagedFeedImage.swift in Sources */,
				6A7DFC3C29979E7C00768BA7 /* LocalFeedLoader.swift in Sources */,
			);
			runOnlyForDeploymentPostprocessing = 0;
		};
		6ADA40BE2979A05900E87609 /* Sources */ = {
			isa = PBXSourcesBuildPhase;
			buildActionMask = 2147483647;
			files = (
				6A4CD77129A74BB00034ABAF /* FeedCacheTestHelpers.swift in Sources */,
				6A4CD76F29A745DC0034ABAF /* ValidateFeedCacheUseCaseTests.swift in Sources */,
				6A80096A297FE3F90096BFF3 /* LoadFeedFromRemoteUseCaseTests.swift in Sources */,
				6AF4114429AE639100D750AD /* XCTestCase+FailableInsertFeedStoreSpecs.swift in Sources */,
				6A702B70298A462C004F3C06 /* URLSessionHTTPClientTests.swift in Sources */,
				6ACFE10E29A60D030043207E /* FeedStoreSpy.swift in Sources */,
				6A4CD77329A74D6F0034ABAF /* SharedTestHelpers.swift in Sources */,
				6A7DFC392994CB7200768BA7 /* CacheFeedUseCaseTests.swift in Sources */,
				6AF4114629AE641A00D750AD /* XCTestCase+FailableDeleteFeedStoreSpecs.swift in Sources */,
				6AF4114229AE62E300D750AD /* XCTestCase+FailableRetrieveFeedStoreSpecs.swift in Sources */,
				6ACFE10B29A60AC20043207E /* LoadFeedFromCacheUseCaseTests.swift in Sources */,
				6AF4113E29AE1D8500D750AD /* FeedStoreSpecs.swift in Sources */,
				6A702B73298BC4AE004F3C06 /* XCTestCase+MemoryLeakTracking.swift in Sources */,
				6AF4114929AE6A8100D750AD /* CoreDataFeedStoreTests.swift in Sources */,
				6AF4114029AE2EBE00D750AD /* XCTestCase+FeedStoreSpecs.swift in Sources */,
			);
			runOnlyForDeploymentPostprocessing = 0;
		};
		6AF4115829AF26AD00D750AD /* Sources */ = {
			isa = PBXSourcesBuildPhase;
			buildActionMask = 2147483647;
			files = (
				6A240EF429AF2D27001CA166 /* SharedTestHelpers.swift in Sources */,
				6AF4115F29AF26AE00D750AD /* EssentialFeedCacheIntegrationTests.swift in Sources */,
				6A240EF329AF2D07001CA166 /* FeedCacheTestHelpers.swift in Sources */,
				6AF4116629AF2A9700D750AD /* XCTestCase+MemoryLeakTracking.swift in Sources */,
			);
			runOnlyForDeploymentPostprocessing = 0;
		};
/* End PBXSourcesBuildPhase section */

/* Begin PBXTargetDependency section */
		6A702B80298C1F92004F3C06 /* PBXTargetDependency */ = {
			isa = PBXTargetDependency;
			target = 6ADA40B72979A05800E87609 /* EssentialFeed */;
			targetProxy = 6A702B7F298C1F92004F3C06 /* PBXContainerItemProxy */;
		};
		6A777A382A1B31C400E27D78 /* PBXTargetDependency */ = {
			isa = PBXTargetDependency;
			platformFilter = ios;
			target = 6ADA40B72979A05800E87609 /* EssentialFeed */;
			targetProxy = 6A777A372A1B31C400E27D78 /* PBXContainerItemProxy */;
		};
		6A9B5B9129C35F1F00299822 /* PBXTargetDependency */ = {
			isa = PBXTargetDependency;
			target = 6A9B5B8429C35F1D00299822 /* EssentialFeediOS */;
			targetProxy = 6A9B5B9029C35F1F00299822 /* PBXContainerItemProxy */;
		};
		6ADA40C52979A05900E87609 /* PBXTargetDependency */ = {
			isa = PBXTargetDependency;
			target = 6ADA40B72979A05800E87609 /* EssentialFeed */;
			targetProxy = 6ADA40C42979A05900E87609 /* PBXContainerItemProxy */;
		};
		6AF4116229AF26AE00D750AD /* PBXTargetDependency */ = {
			isa = PBXTargetDependency;
			target = 6ADA40B72979A05800E87609 /* EssentialFeed */;
			targetProxy = 6AF4116129AF26AE00D750AD /* PBXContainerItemProxy */;
		};
/* End PBXTargetDependency section */

/* Begin PBXVariantGroup section */
		6A277D702A4410640013AF63 /* Feed.strings */ = {
			isa = PBXVariantGroup;
			children = (
				6A277D6F2A4410640013AF63 /* en */,
				6A277D712A4410BE0013AF63 /* pt-BR */,
				6A277D722A4411070013AF63 /* el */,
			);
			name = Feed.strings;
			sourceTree = "<group>";
		};
/* End PBXVariantGroup section */

/* Begin XCBuildConfiguration section */
		6A702B82298C1F92004F3C06 /* Debug */ = {
			isa = XCBuildConfiguration;
			buildSettings = {
				CODE_SIGN_STYLE = Automatic;
				CURRENT_PROJECT_VERSION = 1;
				DEAD_CODE_STRIPPING = YES;
				DEVELOPMENT_TEAM = CB6VC9Q2Z4;
				GENERATE_INFOPLIST_FILE = YES;
				MARKETING_VERSION = 1.0;
				PRODUCT_BUNDLE_IDENTIFIER = com.ibrokhimmovlonov.EssentialFeedAPIEndToEndTests;
				PRODUCT_NAME = "$(TARGET_NAME)";
				SUPPORTED_PLATFORMS = "macosx iphoneos iphonesimulator";
				SWIFT_EMIT_LOC_STRINGS = NO;
				SWIFT_VERSION = 5.0;
			};
			name = Debug;
		};
		6A702B83298C1F92004F3C06 /* Release */ = {
			isa = XCBuildConfiguration;
			buildSettings = {
				CODE_SIGN_STYLE = Automatic;
				CURRENT_PROJECT_VERSION = 1;
				DEAD_CODE_STRIPPING = YES;
				DEVELOPMENT_TEAM = CB6VC9Q2Z4;
				GENERATE_INFOPLIST_FILE = YES;
				MARKETING_VERSION = 1.0;
				PRODUCT_BUNDLE_IDENTIFIER = com.ibrokhimmovlonov.EssentialFeedAPIEndToEndTests;
				PRODUCT_NAME = "$(TARGET_NAME)";
				SUPPORTED_PLATFORMS = "macosx iphoneos iphonesimulator";
				SWIFT_EMIT_LOC_STRINGS = NO;
				SWIFT_VERSION = 5.0;
			};
			name = Release;
		};
		6A9B5B9629C35F2000299822 /* Debug */ = {
			isa = XCBuildConfiguration;
			buildSettings = {
				CLANG_ENABLE_MODULES = YES;
				CODE_SIGN_STYLE = Automatic;
				CURRENT_PROJECT_VERSION = 1;
				DEFINES_MODULE = YES;
				DEVELOPMENT_TEAM = CB6VC9Q2Z4;
				DYLIB_COMPATIBILITY_VERSION = 1;
				DYLIB_CURRENT_VERSION = 1;
				DYLIB_INSTALL_NAME_BASE = "@rpath";
				GENERATE_INFOPLIST_FILE = YES;
				INFOPLIST_KEY_NSHumanReadableCopyright = "";
				INSTALL_PATH = "$(LOCAL_LIBRARY_DIR)/Frameworks";
				IPHONEOS_DEPLOYMENT_TARGET = 16.4;
				LD_RUNPATH_SEARCH_PATHS = (
					"$(inherited)",
					"@executable_path/Frameworks",
					"@loader_path/Frameworks",
				);
				MARKETING_VERSION = 1.0;
				PRODUCT_BUNDLE_IDENTIFIER = com.ibrokhimmovlonov.EssentialFeediOS;
				PRODUCT_NAME = "$(TARGET_NAME:c99extidentifier)";
				SDKROOT = iphoneos;
				SKIP_INSTALL = YES;
				SWIFT_EMIT_LOC_STRINGS = YES;
				SWIFT_OPTIMIZATION_LEVEL = "-Onone";
				SWIFT_VERSION = 5.0;
				TARGETED_DEVICE_FAMILY = "1,2";
			};
			name = Debug;
		};
		6A9B5B9729C35F2000299822 /* Release */ = {
			isa = XCBuildConfiguration;
			buildSettings = {
				CLANG_ENABLE_MODULES = YES;
				CODE_SIGN_STYLE = Automatic;
				CURRENT_PROJECT_VERSION = 1;
				DEFINES_MODULE = YES;
				DEVELOPMENT_TEAM = CB6VC9Q2Z4;
				DYLIB_COMPATIBILITY_VERSION = 1;
				DYLIB_CURRENT_VERSION = 1;
				DYLIB_INSTALL_NAME_BASE = "@rpath";
				GENERATE_INFOPLIST_FILE = YES;
				INFOPLIST_KEY_NSHumanReadableCopyright = "";
				INSTALL_PATH = "$(LOCAL_LIBRARY_DIR)/Frameworks";
				IPHONEOS_DEPLOYMENT_TARGET = 16.4;
				LD_RUNPATH_SEARCH_PATHS = (
					"$(inherited)",
					"@executable_path/Frameworks",
					"@loader_path/Frameworks",
				);
				MARKETING_VERSION = 1.0;
				PRODUCT_BUNDLE_IDENTIFIER = com.ibrokhimmovlonov.EssentialFeediOS;
				PRODUCT_NAME = "$(TARGET_NAME:c99extidentifier)";
				SDKROOT = iphoneos;
				SKIP_INSTALL = YES;
				SWIFT_EMIT_LOC_STRINGS = YES;
				SWIFT_VERSION = 5.0;
				TARGETED_DEVICE_FAMILY = "1,2";
				VALIDATE_PRODUCT = YES;
			};
			name = Release;
		};
		6A9B5B9829C35F2000299822 /* Debug */ = {
			isa = XCBuildConfiguration;
			buildSettings = {
				ALWAYS_EMBED_SWIFT_STANDARD_LIBRARIES = YES;
				CLANG_ENABLE_MODULES = YES;
				CODE_SIGN_STYLE = Automatic;
				CURRENT_PROJECT_VERSION = 1;
				DEVELOPMENT_TEAM = CB6VC9Q2Z4;
				GENERATE_INFOPLIST_FILE = YES;
				IPHONEOS_DEPLOYMENT_TARGET = 16.4;
				LD_RUNPATH_SEARCH_PATHS = (
					"$(inherited)",
					"@executable_path/Frameworks",
					"@loader_path/Frameworks",
				);
				MARKETING_VERSION = 1.0;
				PRODUCT_BUNDLE_IDENTIFIER = com.ibrokhimmovlonov.EssentialFeediOSTests;
				PRODUCT_NAME = "$(TARGET_NAME)";
				SDKROOT = iphoneos;
				SWIFT_EMIT_LOC_STRINGS = NO;
				SWIFT_OPTIMIZATION_LEVEL = "-Onone";
				SWIFT_VERSION = 5.0;
				TARGETED_DEVICE_FAMILY = "1,2";
			};
			name = Debug;
		};
		6A9B5B9929C35F2000299822 /* Release */ = {
			isa = XCBuildConfiguration;
			buildSettings = {
				ALWAYS_EMBED_SWIFT_STANDARD_LIBRARIES = YES;
				CLANG_ENABLE_MODULES = YES;
				CODE_SIGN_STYLE = Automatic;
				CURRENT_PROJECT_VERSION = 1;
				DEVELOPMENT_TEAM = CB6VC9Q2Z4;
				GENERATE_INFOPLIST_FILE = YES;
				IPHONEOS_DEPLOYMENT_TARGET = 16.4;
				LD_RUNPATH_SEARCH_PATHS = (
					"$(inherited)",
					"@executable_path/Frameworks",
					"@loader_path/Frameworks",
				);
				MARKETING_VERSION = 1.0;
				PRODUCT_BUNDLE_IDENTIFIER = com.ibrokhimmovlonov.EssentialFeediOSTests;
				PRODUCT_NAME = "$(TARGET_NAME)";
				SDKROOT = iphoneos;
				SWIFT_EMIT_LOC_STRINGS = NO;
				SWIFT_VERSION = 5.0;
				TARGETED_DEVICE_FAMILY = "1,2";
				VALIDATE_PRODUCT = YES;
			};
			name = Release;
		};
		6ADA40CA2979A05900E87609 /* Debug */ = {
			isa = XCBuildConfiguration;
			buildSettings = {
				ALWAYS_SEARCH_USER_PATHS = NO;
				CLANG_ANALYZER_LOCALIZABILITY_NONLOCALIZED = YES;
				CLANG_ANALYZER_NONNULL = YES;
				CLANG_ANALYZER_NUMBER_OBJECT_CONVERSION = YES_AGGRESSIVE;
				CLANG_CXX_LANGUAGE_STANDARD = "gnu++20";
				CLANG_ENABLE_MODULES = YES;
				CLANG_ENABLE_OBJC_ARC = YES;
				CLANG_ENABLE_OBJC_WEAK = YES;
				CLANG_WARN_BLOCK_CAPTURE_AUTORELEASING = YES;
				CLANG_WARN_BOOL_CONVERSION = YES;
				CLANG_WARN_COMMA = YES;
				CLANG_WARN_CONSTANT_CONVERSION = YES;
				CLANG_WARN_DEPRECATED_OBJC_IMPLEMENTATIONS = YES;
				CLANG_WARN_DIRECT_OBJC_ISA_USAGE = YES_ERROR;
				CLANG_WARN_DOCUMENTATION_COMMENTS = YES;
				CLANG_WARN_EMPTY_BODY = YES;
				CLANG_WARN_ENUM_CONVERSION = YES;
				CLANG_WARN_INFINITE_RECURSION = YES;
				CLANG_WARN_INT_CONVERSION = YES;
				CLANG_WARN_NON_LITERAL_NULL_CONVERSION = YES;
				CLANG_WARN_OBJC_IMPLICIT_RETAIN_SELF = YES;
				CLANG_WARN_OBJC_LITERAL_CONVERSION = YES;
				CLANG_WARN_OBJC_ROOT_CLASS = YES_ERROR;
				CLANG_WARN_QUOTED_INCLUDE_IN_FRAMEWORK_HEADER = YES;
				CLANG_WARN_RANGE_LOOP_ANALYSIS = YES;
				CLANG_WARN_STRICT_PROTOTYPES = YES;
				CLANG_WARN_SUSPICIOUS_MOVE = YES;
				CLANG_WARN_UNGUARDED_AVAILABILITY = YES_AGGRESSIVE;
				CLANG_WARN_UNREACHABLE_CODE = YES;
				CLANG_WARN__DUPLICATE_METHOD_MATCH = YES;
				COPY_PHASE_STRIP = NO;
				CURRENT_PROJECT_VERSION = 1;
				DEAD_CODE_STRIPPING = YES;
				DEBUG_INFORMATION_FORMAT = dwarf;
				ENABLE_STRICT_OBJC_MSGSEND = YES;
				ENABLE_TESTABILITY = YES;
				GCC_C_LANGUAGE_STANDARD = gnu11;
				GCC_DYNAMIC_NO_PIC = NO;
				GCC_NO_COMMON_BLOCKS = YES;
				GCC_OPTIMIZATION_LEVEL = 0;
				GCC_PREPROCESSOR_DEFINITIONS = (
					"DEBUG=1",
					"$(inherited)",
				);
				GCC_WARN_64_TO_32_BIT_CONVERSION = YES;
				GCC_WARN_ABOUT_RETURN_TYPE = YES_ERROR;
				GCC_WARN_UNDECLARED_SELECTOR = YES;
				GCC_WARN_UNINITIALIZED_AUTOS = YES_AGGRESSIVE;
				GCC_WARN_UNUSED_FUNCTION = YES;
				GCC_WARN_UNUSED_VARIABLE = YES;
				MACOSX_DEPLOYMENT_TARGET = 13.0;
				MTL_ENABLE_DEBUG_INFO = INCLUDE_SOURCE;
				MTL_FAST_MATH = YES;
				ONLY_ACTIVE_ARCH = YES;
				SDKROOT = macosx;
				SWIFT_ACTIVE_COMPILATION_CONDITIONS = DEBUG;
				SWIFT_OPTIMIZATION_LEVEL = "-Onone";
				VERSIONING_SYSTEM = "apple-generic";
				VERSION_INFO_PREFIX = "";
			};
			name = Debug;
		};
		6ADA40CB2979A05900E87609 /* Release */ = {
			isa = XCBuildConfiguration;
			buildSettings = {
				ALWAYS_SEARCH_USER_PATHS = NO;
				CLANG_ANALYZER_LOCALIZABILITY_NONLOCALIZED = YES;
				CLANG_ANALYZER_NONNULL = YES;
				CLANG_ANALYZER_NUMBER_OBJECT_CONVERSION = YES_AGGRESSIVE;
				CLANG_CXX_LANGUAGE_STANDARD = "gnu++20";
				CLANG_ENABLE_MODULES = YES;
				CLANG_ENABLE_OBJC_ARC = YES;
				CLANG_ENABLE_OBJC_WEAK = YES;
				CLANG_WARN_BLOCK_CAPTURE_AUTORELEASING = YES;
				CLANG_WARN_BOOL_CONVERSION = YES;
				CLANG_WARN_COMMA = YES;
				CLANG_WARN_CONSTANT_CONVERSION = YES;
				CLANG_WARN_DEPRECATED_OBJC_IMPLEMENTATIONS = YES;
				CLANG_WARN_DIRECT_OBJC_ISA_USAGE = YES_ERROR;
				CLANG_WARN_DOCUMENTATION_COMMENTS = YES;
				CLANG_WARN_EMPTY_BODY = YES;
				CLANG_WARN_ENUM_CONVERSION = YES;
				CLANG_WARN_INFINITE_RECURSION = YES;
				CLANG_WARN_INT_CONVERSION = YES;
				CLANG_WARN_NON_LITERAL_NULL_CONVERSION = YES;
				CLANG_WARN_OBJC_IMPLICIT_RETAIN_SELF = YES;
				CLANG_WARN_OBJC_LITERAL_CONVERSION = YES;
				CLANG_WARN_OBJC_ROOT_CLASS = YES_ERROR;
				CLANG_WARN_QUOTED_INCLUDE_IN_FRAMEWORK_HEADER = YES;
				CLANG_WARN_RANGE_LOOP_ANALYSIS = YES;
				CLANG_WARN_STRICT_PROTOTYPES = YES;
				CLANG_WARN_SUSPICIOUS_MOVE = YES;
				CLANG_WARN_UNGUARDED_AVAILABILITY = YES_AGGRESSIVE;
				CLANG_WARN_UNREACHABLE_CODE = YES;
				CLANG_WARN__DUPLICATE_METHOD_MATCH = YES;
				COPY_PHASE_STRIP = NO;
				CURRENT_PROJECT_VERSION = 1;
				DEAD_CODE_STRIPPING = YES;
				DEBUG_INFORMATION_FORMAT = "dwarf-with-dsym";
				ENABLE_NS_ASSERTIONS = NO;
				ENABLE_STRICT_OBJC_MSGSEND = YES;
				GCC_C_LANGUAGE_STANDARD = gnu11;
				GCC_NO_COMMON_BLOCKS = YES;
				GCC_WARN_64_TO_32_BIT_CONVERSION = YES;
				GCC_WARN_ABOUT_RETURN_TYPE = YES_ERROR;
				GCC_WARN_UNDECLARED_SELECTOR = YES;
				GCC_WARN_UNINITIALIZED_AUTOS = YES_AGGRESSIVE;
				GCC_WARN_UNUSED_FUNCTION = YES;
				GCC_WARN_UNUSED_VARIABLE = YES;
				MACOSX_DEPLOYMENT_TARGET = 13.0;
				MTL_ENABLE_DEBUG_INFO = NO;
				MTL_FAST_MATH = YES;
				SDKROOT = macosx;
				SWIFT_COMPILATION_MODE = wholemodule;
				SWIFT_OPTIMIZATION_LEVEL = "-O";
				VERSIONING_SYSTEM = "apple-generic";
				VERSION_INFO_PREFIX = "";
			};
			name = Release;
		};
		6ADA40CD2979A05900E87609 /* Debug */ = {
			isa = XCBuildConfiguration;
			buildSettings = {
				CODE_SIGN_STYLE = Automatic;
				COMBINE_HIDPI_IMAGES = YES;
				CURRENT_PROJECT_VERSION = 1;
				DEAD_CODE_STRIPPING = YES;
				DEFINES_MODULE = YES;
				DEVELOPMENT_TEAM = CB6VC9Q2Z4;
				DYLIB_COMPATIBILITY_VERSION = 1;
				DYLIB_CURRENT_VERSION = 1;
				DYLIB_INSTALL_NAME_BASE = "@rpath";
				GENERATE_INFOPLIST_FILE = YES;
				INFOPLIST_KEY_NSHumanReadableCopyright = "";
				INSTALL_PATH = "$(LOCAL_LIBRARY_DIR)/Frameworks";
				LD_RUNPATH_SEARCH_PATHS = (
					"$(inherited)",
					"@executable_path/../Frameworks",
					"@loader_path/Frameworks",
				);
				MARKETING_VERSION = 1.0;
				PRODUCT_BUNDLE_IDENTIFIER = com.ibrokhimmovlonov.EssentialFeed;
				PRODUCT_NAME = "$(TARGET_NAME:c99extidentifier)";
				SKIP_INSTALL = YES;
				SUPPORTED_PLATFORMS = "macosx iphoneos iphonesimulator";
				SWIFT_EMIT_LOC_STRINGS = YES;
				SWIFT_VERSION = 5.0;
			};
			name = Debug;
		};
		6ADA40CE2979A05900E87609 /* Release */ = {
			isa = XCBuildConfiguration;
			buildSettings = {
				CODE_SIGN_STYLE = Automatic;
				COMBINE_HIDPI_IMAGES = YES;
				CURRENT_PROJECT_VERSION = 1;
				DEAD_CODE_STRIPPING = YES;
				DEFINES_MODULE = YES;
				DEVELOPMENT_TEAM = CB6VC9Q2Z4;
				DYLIB_COMPATIBILITY_VERSION = 1;
				DYLIB_CURRENT_VERSION = 1;
				DYLIB_INSTALL_NAME_BASE = "@rpath";
				GENERATE_INFOPLIST_FILE = YES;
				INFOPLIST_KEY_NSHumanReadableCopyright = "";
				INSTALL_PATH = "$(LOCAL_LIBRARY_DIR)/Frameworks";
				LD_RUNPATH_SEARCH_PATHS = (
					"$(inherited)",
					"@executable_path/../Frameworks",
					"@loader_path/Frameworks",
				);
				MARKETING_VERSION = 1.0;
				PRODUCT_BUNDLE_IDENTIFIER = com.ibrokhimmovlonov.EssentialFeed;
				PRODUCT_NAME = "$(TARGET_NAME:c99extidentifier)";
				SKIP_INSTALL = YES;
				SUPPORTED_PLATFORMS = "macosx iphoneos iphonesimulator";
				SWIFT_EMIT_LOC_STRINGS = YES;
				SWIFT_VERSION = 5.0;
			};
			name = Release;
		};
		6ADA40D02979A05900E87609 /* Debug */ = {
			isa = XCBuildConfiguration;
			buildSettings = {
				ALWAYS_EMBED_SWIFT_STANDARD_LIBRARIES = YES;
				CLANG_ENABLE_MODULES = YES;
				CODE_SIGN_STYLE = Automatic;
				CURRENT_PROJECT_VERSION = 1;
				DEAD_CODE_STRIPPING = YES;
				DEVELOPMENT_TEAM = CB6VC9Q2Z4;
				GENERATE_INFOPLIST_FILE = YES;
				LD_RUNPATH_SEARCH_PATHS = (
					"$(inherited)",
					"@executable_path/../Frameworks",
					"@loader_path/../Frameworks",
				);
				MARKETING_VERSION = 1.0;
				PRODUCT_BUNDLE_IDENTIFIER = com.ibrokhimmovlonov.EssentialFeedTests;
				PRODUCT_NAME = "$(TARGET_NAME)";
				SUPPORTED_PLATFORMS = "macosx iphoneos iphonesimulator";
				SWIFT_EMIT_LOC_STRINGS = NO;
				SWIFT_OPTIMIZATION_LEVEL = "-Onone";
				SWIFT_VERSION = 5.0;
			};
			name = Debug;
		};
		6ADA40D12979A05900E87609 /* Release */ = {
			isa = XCBuildConfiguration;
			buildSettings = {
				ALWAYS_EMBED_SWIFT_STANDARD_LIBRARIES = YES;
				CLANG_ENABLE_MODULES = YES;
				CODE_SIGN_STYLE = Automatic;
				CURRENT_PROJECT_VERSION = 1;
				DEAD_CODE_STRIPPING = YES;
				DEVELOPMENT_TEAM = CB6VC9Q2Z4;
				GENERATE_INFOPLIST_FILE = YES;
				LD_RUNPATH_SEARCH_PATHS = (
					"$(inherited)",
					"@executable_path/../Frameworks",
					"@loader_path/../Frameworks",
				);
				MARKETING_VERSION = 1.0;
				PRODUCT_BUNDLE_IDENTIFIER = com.ibrokhimmovlonov.EssentialFeedTests;
				PRODUCT_NAME = "$(TARGET_NAME)";
				SUPPORTED_PLATFORMS = "macosx iphoneos iphonesimulator";
				SWIFT_EMIT_LOC_STRINGS = NO;
				SWIFT_VERSION = 5.0;
			};
			name = Release;
		};
		6AF4116429AF26AE00D750AD /* Debug */ = {
			isa = XCBuildConfiguration;
			buildSettings = {
				CODE_SIGN_STYLE = Automatic;
				CURRENT_PROJECT_VERSION = 1;
				DEAD_CODE_STRIPPING = YES;
				DEVELOPMENT_TEAM = CB6VC9Q2Z4;
				GENERATE_INFOPLIST_FILE = YES;
				MARKETING_VERSION = 1.0;
				PRODUCT_BUNDLE_IDENTIFIER = com.ibrokhimmovlonov.EssentialFeedCacheIntegrationTests;
				PRODUCT_NAME = "$(TARGET_NAME)";
				SUPPORTED_PLATFORMS = "macosx iphoneos iphonesimulator";
				SWIFT_EMIT_LOC_STRINGS = NO;
				SWIFT_VERSION = 5.0;
			};
			name = Debug;
		};
		6AF4116529AF26AE00D750AD /* Release */ = {
			isa = XCBuildConfiguration;
			buildSettings = {
				CODE_SIGN_STYLE = Automatic;
				CURRENT_PROJECT_VERSION = 1;
				DEAD_CODE_STRIPPING = YES;
				DEVELOPMENT_TEAM = CB6VC9Q2Z4;
				GENERATE_INFOPLIST_FILE = YES;
				MARKETING_VERSION = 1.0;
				PRODUCT_BUNDLE_IDENTIFIER = com.ibrokhimmovlonov.EssentialFeedCacheIntegrationTests;
				PRODUCT_NAME = "$(TARGET_NAME)";
				SUPPORTED_PLATFORMS = "macosx iphoneos iphonesimulator";
				SWIFT_EMIT_LOC_STRINGS = NO;
				SWIFT_VERSION = 5.0;
			};
			name = Release;
		};
/* End XCBuildConfiguration section */

/* Begin XCConfigurationList section */
		6A702B81298C1F92004F3C06 /* Build configuration list for PBXNativeTarget "EssentialFeedAPIEndToEndTests" */ = {
			isa = XCConfigurationList;
			buildConfigurations = (
				6A702B82298C1F92004F3C06 /* Debug */,
				6A702B83298C1F92004F3C06 /* Release */,
			);
			defaultConfigurationIsVisible = 0;
			defaultConfigurationName = Release;
		};
		6A9B5B9A29C35F2000299822 /* Build configuration list for PBXNativeTarget "EssentialFeediOS" */ = {
			isa = XCConfigurationList;
			buildConfigurations = (
				6A9B5B9629C35F2000299822 /* Debug */,
				6A9B5B9729C35F2000299822 /* Release */,
			);
			defaultConfigurationIsVisible = 0;
			defaultConfigurationName = Release;
		};
		6A9B5B9B29C35F2000299822 /* Build configuration list for PBXNativeTarget "EssentialFeediOSTests" */ = {
			isa = XCConfigurationList;
			buildConfigurations = (
				6A9B5B9829C35F2000299822 /* Debug */,
				6A9B5B9929C35F2000299822 /* Release */,
			);
			defaultConfigurationIsVisible = 0;
			defaultConfigurationName = Release;
		};
		6ADA40B22979A05800E87609 /* Build configuration list for PBXProject "EssentialFeed" */ = {
			isa = XCConfigurationList;
			buildConfigurations = (
				6ADA40CA2979A05900E87609 /* Debug */,
				6ADA40CB2979A05900E87609 /* Release */,
			);
			defaultConfigurationIsVisible = 0;
			defaultConfigurationName = Release;
		};
		6ADA40CC2979A05900E87609 /* Build configuration list for PBXNativeTarget "EssentialFeed" */ = {
			isa = XCConfigurationList;
			buildConfigurations = (
				6ADA40CD2979A05900E87609 /* Debug */,
				6ADA40CE2979A05900E87609 /* Release */,
			);
			defaultConfigurationIsVisible = 0;
			defaultConfigurationName = Release;
		};
		6ADA40CF2979A05900E87609 /* Build configuration list for PBXNativeTarget "EssentialFeedTests" */ = {
			isa = XCConfigurationList;
			buildConfigurations = (
				6ADA40D02979A05900E87609 /* Debug */,
				6ADA40D12979A05900E87609 /* Release */,
			);
			defaultConfigurationIsVisible = 0;
			defaultConfigurationName = Release;
		};
		6AF4116329AF26AE00D750AD /* Build configuration list for PBXNativeTarget "EssentialFeedCacheIntegrationTests" */ = {
			isa = XCConfigurationList;
			buildConfigurations = (
				6AF4116429AF26AE00D750AD /* Debug */,
				6AF4116529AF26AE00D750AD /* Release */,
			);
			defaultConfigurationIsVisible = 0;
			defaultConfigurationName = Release;
		};
/* End XCConfigurationList section */

/* Begin XCVersionGroup section */
		6AF4114C29AE6E9300D750AD /* FeedStore.xcdatamodeld */ = {
			isa = XCVersionGroup;
			children = (
				6AF4114D29AE6E9300D750AD /* FeedStore.xcdatamodel */,
			);
			currentVersion = 6AF4114D29AE6E9300D750AD /* FeedStore.xcdatamodel */;
			path = FeedStore.xcdatamodeld;
			sourceTree = "<group>";
			versionGroupType = wrapper.xcdatamodel;
		};
/* End XCVersionGroup section */
	};
	rootObject = 6ADA40AF2979A05800E87609 /* Project object */;
}
